<?xml version="1.0" encoding="utf-8"?>
<Project ToolsVersion="4.0" xmlns="http://schemas.microsoft.com/developer/msbuild/2003">
  <ItemGroup>
    <ClInclude Include="Transition.h">
      <Filter>Generic</Filter>
    </ClInclude>
    <ClInclude Include="State.h">
      <Filter>Generic</Filter>
    </ClInclude>
    <ClInclude Include="StateMachine.h">
      <Filter>Generic</Filter>
    </ClInclude>
    <ClInclude Include="FromGreenToRed.h">
      <Filter>Concrete</Filter>
    </ClInclude>
    <ClInclude Include="FromRedToYellow.h">
      <Filter>Concrete</Filter>
    </ClInclude>
    <ClInclude Include="FromYellowToGreen.h">
      <Filter>Concrete</Filter>
    </ClInclude>
    <ClInclude Include="GreenState.h">
      <Filter>Concrete</Filter>
    </ClInclude>
    <ClInclude Include="RedState.h">
      <Filter>Concrete</Filter>
    </ClInclude>
    <ClInclude Include="TrafficLight.h">
      <Filter>Concrete</Filter>
    </ClInclude>
    <ClInclude Include="YellowState.h">
      <Filter>Concrete</Filter>
    </ClInclude>
  </ItemGroup>
  <ItemGroup>
    <ClCompile Include="Main.cpp" />
    <ClCompile Include="TrafficLight.cpp">
      <Filter>Concrete</Filter>
    </ClCompile>
  </ItemGroup>
  <ItemGroup>
    <Filter Include="Generic">
      <UniqueIdentifier>{35d2f480-2c5c-4e4c-b7ad-c7fc0b2be781}</UniqueIdentifier>
    </Filter>
    <Filter Include="Concrete">
      <UniqueIdentifier>{4e893d48-9228-4a1d-8ef0-4995fd06ec20}</UniqueIdentifier>
    </Filter>
  </ItemGroup>
</Project>